github.com/BurntSushi/toml v0.3.1 h1:WXkYYl6Yr3qBf1K79EBnL4mak0OimBfB0XUf9Vl28OQ=
github.com/BurntSushi/toml v0.3.1/go.mod h1:xHWCNGjB5oqiDr8zfno3MHue2Ht5sIBksp03qcyfWMU=
github.com/dokku/duplex v0.0.0-20160916172127-5bc6cb8042f7 h1:BBMM8QczgTcNTM6axgZA2pdR5SG0eePSh2GeOLpkgRw=
github.com/dokku/duplex v0.0.0-20160916172127-5bc6cb8042f7/go.mod h1:FagtW/LftfcKQuBjdmKHdhxCbTU7Gdv87BIOQ6dgAk4=
github.com/google/uuid v1.0.0 h1:b4Gk+7WdP/d3HZH8EJsZpvV7EtDOgaZLtnaNGIu1adA=
github.com/google/uuid v1.0.0/go.mod h1:TIyPZe4MgqvfeYDBFedMoGGpEw/LqOeaOT+nhxU+yHo=
github.com/google/uuid v1.1.2 h1:EVhdT+1Kseyi1/pUmXKaFxYsDNy9RQYkMWRH68J/W7Y=
github.com/google/uuid v1.1.2/go.mod h1:TIyPZe4MgqvfeYDBFedMoGGpEw/LqOeaOT+nhxU+yHo=
github.com/google/uuid v1.1.4 h1:0ecGp3skIrHWPNGPJDaBIghfA6Sp7Ruo2Io8eLKzWm0=
github.com/google/uuid v1.1.4/go.mod h1:TIyPZe4MgqvfeYDBFedMoGGpEw/LqOeaOT+nhxU+yHo=
github.com/kardianos/osext v0.0.0-20190222173326-2bc1f35cddc0 h1:iQTw/8FWTuc7uiaSepXwyf3o52HaUYcV+Tu66S3F5GA=
github.com/kardianos/osext v0.0.0-20190222173326-2bc1f35cddc0/go.mod h1:1NbS8ALrpOvjt0rHPNLyCIeMtbizbir8U//inJ+zuB8=
github.com/mitchellh/go-homedir v1.1.0 h1:lukF9ziXFxDFPkA1vsr5zpc1XuPDn/wFntq5mG+4E0Y=
github.com/mitchellh/go-homedir v1.1.0/go.mod h1:SfyaCUpYCn1Vlf4IUYiD9fPX4A5wJrkLzIz1N1q0pr0=
github.com/pborman/uuid v1.2.1 h1:+ZZIw58t/ozdjRaXh/3awHfmWRbzYxJoAdNJxe/3pvw=
github.com/pborman/uuid v1.2.1/go.mod h1:X/NO0urCmaxf9VXbdlT7C2Yzkj2IKimNn4k+gtPdI/k=
github.com/progrium/crypto v0.0.0-20141231035031-e04455474e32 h1:TazRiCelU8NoJMn2z0/RIzv4lUUkp5YwAunbjUsODHQ=
github.com/progrium/crypto v0.0.0-20141231035031-e04455474e32/go.mod h1:spjB7wUvxDfIjoK9jtlCu07B/QaZwjtKlQeM3njS9QA=
github.com/progrium/go-basher v0.0.0-20201220223148-fc6696b7d6bc h1:CDnjiQ37R8M27u51sNUbroTWPbRcCQ1HDhhTBGv+3vI=
github.com/progrium/go-basher v0.0.0-20201220223148-fc6696b7d6bc/go.mod h1:Oiy7jZEU1mm+gI1dt5MKYwxptmD37q8/UupxnwhMHtI=
github.com/progrium/go-basher v0.0.0-20210110090515-9ffba79a02ab h1:cE4bmuvTh1ZwxeKKXx0eEVi0IrMvnZAoyLkKv3DkT9I=
github.com/progrium/go-basher v0.0.0-20210110090515-9ffba79a02ab/go.mod h1:Oiy7jZEU1mm+gI1dt5MKYwxptmD37q8/UupxnwhMHtI=
github.com/progrium/plugin-demo v0.0.0-20160206152045-d94df2206a64 h1:FHNCTel7Yt0+4I1uvKfu2X+g8U8tHBBJb7zl+ohfmqM=
github.com/progrium/plugin-demo v0.0.0-20160206152045-d94df2206a64/go.mod h1:xwVfSlPMRhFysvnn0lOZ1Ruen2jTuzgwm4Hs0onTrlY=
golang.org/x/crypto v0.0.0-20190308221718-c2843e01d9a2/go.mod h1:djNgcEr1/C05ACkg1iLfiJU5Ep61QUkGW8qpdssI0+w=
golang.org/x/crypto v0.0.0-20201203163018-be400aefbc4c h1:9HhBz5L/UjnK9XLtiZhYAdue5BVKep3PMmS2LuPDt8k=
golang.org/x/crypto v0.0.0-20201203163018-be400aefbc4c/go.mod h1:jdWPYTVW3xRLrWPugEBEK3UY2ZEsg3UU495nc5E+M+I=
golang.org/x/net v0.0.0-20190404232315-eb5bcb51f2a3/go.mod h1:t9HGtf8HONx5eT2rtn7q6eTqICYqUVnKs3thJo3Qplg=
golang.org/x/sys v0.0.0-20190215142949-d0b11bdaac8a/go.mod h1:STP8DvDyc/dI5b8T5hshtkjS+E42TnysNCUPdjciGhY=
golang.org/x/sys v0.0.0-20191026070338-33540a1f6037 h1:YyJpGZS1sBuBCzLAR1VEpK193GlqGZbnPFnPV/5Rsb4=
golang.org/x/sys v0.0.0-20191026070338-33540a1f6037/go.mod h1:h1NjWce9XRLGQEsW7wpKNCjG9DtNlClVuFLEZdDNbEs=
golang.org/x/term v0.0.0-20201117132131-f5c789dd3221 h1:/ZHdbVpdR/jk3g30/d4yUL0JU9kksj8+F/bnQUVLGDM=
golang.org/x/term v0.0.0-20201117132131-f5c789dd3221/go.mod h1:Nr5EML6q2oocZ2LXRh80K7BxOlk5/8JxuGnuhpl+muw=
golang.org/x/text v0.3.0/go.mod h1:NqM8EUOU14njkJ3fqMW+pc6Ldnwhi/IjpwHt7yyuwOQ=
