# This file is autogenerated, do not edit; changes may be undone by the next 'dep ensure'.


[[projects]]
  digest = "1:e6f4136a59289e23b085e4f7abb2e75eb34e7be3dd82acf0f9592c521224b63e"
  name = "github.com/BurntSushi/toml"
  packages = ["."]
  pruneopts = "UT"
  revision = "99064174e013895bbd9b025c31100bd1d9b590ca"

[[projects]]
  branch = "master"
  digest = "1:59da40e92d57b9fb792ebb1af0b1d104835cdb0f4634329f99fa38cafd291674"
  name = "github.com/dokku/duplex"
  packages = ["poc2/duplex"]
  pruneopts = "UT"
  revision = "5bc6cb8042f74e8da3e37b03967212106a397dd9"

[[projects]]
  digest = "1:a9b1809ef3302170bd89ea545c21c86d893ae7c5e98d23257eb4d17908d6af07"
  name = "github.com/kardianos/osext"
  packages = ["."]
  pruneopts = "UT"
  revision = "c2c54e542fb797ad986b31721e1baedf214ca413"

[[projects]]
  digest = "1:df41a5c94494f2f1d11ca168367c3ff550fa4e062ef17f951b5f7326b3b451de"
  name = "github.com/mitchellh/go-homedir"
  packages = ["."]
  pruneopts = "UT"
  revision = "756f7b183b7ab78acdbbee5c7f392838ed459dda"

[[projects]]
  digest = "1:3b097f79e8ef95266480a0a0a586e5b54a0ad11f5f69dd2833ab02ef89cdf373"
  name = "github.com/pborman/uuid"
  packages = ["."]
  pruneopts = "UT"
  revision = "b984ec7fa9ff9e428bd0cf0abf429384dfbe3e37"

[[projects]]
  branch = "master"
  digest = "1:a8469e277ef12e9e95c7664b0a6a8cb4676afb56dcc1bd22ab11e96c3c57c04e"
  name = "github.com/progrium/crypto"
  packages = ["ssh"]
  pruneopts = "UT"
  revision = "e04455474e32ffc131a0e1838ce9add7dff9bc7f"

[[projects]]
  digest = "1:70cf9920254a511dd9ee1235c0be87f89a8ae6d73ab36f64f1c1157f6c7b193c"
  name = "github.com/progrium/go-basher"
  packages = ["."]
  pruneopts = "UT"
  revision = "3321ddc36cac3290fefc851285d40348b1f69b5b"

[[projects]]
  branch = "master"
  digest = "1:3ae11ee752a51224bd416418e5825feb3627c57b33b51ceb9a56960cdc8f0043"
  name = "github.com/progrium/plugin-demo"
  packages = ["demo/coproc"]
  pruneopts = "UT"
  revision = "d94df2206a64b3cd517b71c0c68f99a0540692de"

[solve-meta]
  analyzer-name = "dep"
  analyzer-version = 1
  input-imports = [
    "github.com/BurntSushi/toml",
    "github.com/dokku/duplex/poc2/duplex",
    "github.com/progrium/go-basher",
    "github.com/progrium/plugin-demo/demo/coproc",
  ]
  solver-name = "gps-cdcl"
  solver-version = 1
